
Microsoft Visual Studio Solution File, Format Version 12.00
# Visual Studio Version 17
VisualStudioVersion = 17.10.35004.147
MinimumVisualStudioVersion = 10.0.40219.1
Project("{FAE04EC0-301F-11D3-BF4B-00C04F79EFBC}") = "ConsoleApp_18_6_Server", "ConsoleApp_18_6_Server\ConsoleApp_18_6_Server.csproj", "{B740F473-DF7F-48A4-ACCC-D205C170B08E}"
EndProject
Global
	GlobalSection(SolutionConfigurationPlatforms) = preSolution
		Debug|Any CPU = Debug|Any CPU
		Release|Any CPU = Release|Any CPU
	EndGlobalSection
	GlobalSection(ProjectConfigurationPlatforms) = postSolution
		{B740F473-DF7F-48A4-ACCC-D205C170B08E}.Debug|Any CPU.ActiveCfg = Debug|Any CPU
		{B740F473-DF7F-48A4-ACCC-D205C170B08E}.Debug|Any CPU.Build.0 = Debug|Any CPU
		{B740F473-DF7F-48A4-ACCC-D205C170B08E}.Release|Any CPU.ActiveCfg = Release|Any CPU
		{B740F473-DF7F-48A4-ACCC-D205C170B08E}.Release|Any CPU.Build.0 = Release|Any CPU
	EndGlobalSection
	GlobalSection(SolutionProperties) = preSolution
		HideSolutionNode = FALSE
	EndGlobalSection
	GlobalSection(ExtensibilityGlobals) = postSolution
		SolutionGuid = {23AFB2DC-6477-4589-9580-0B92D1EAEB9D}
	EndGlobalSection
EndGlobal
